// !$*UTF8*$!
{
	archiveVersion = 1;
	classes = {
	};
	objectVersion = 46;
	objects = {

/* Begin PBXBuildFile section */
		D04832431E5BFF2F005D1A64 /* main.swift in Sources */ = {isa = PBXBuildFile; fileRef = D04832421E5BFF2F005D1A64 /* main.swift */; };
		D0EC1C661E7D079E0036BF11 /* User.swift in Sources */ = {isa = PBXBuildFile; fileRef = D0EC1C651E7D079E0036BF11 /* User.swift */; };
		D0EC1C681E7D07F70036BF11 /* Repository.swift in Sources */ = {isa = PBXBuildFile; fileRef = D0EC1C671E7D07F70036BF11 /* Repository.swift */; };
		D0EC1C6B1E7D087D0036BF11 /* JSONDecodeError.swift in Sources */ = {isa = PBXBuildFile; fileRef = D0EC1C6A1E7D087D0036BF11 /* JSONDecodeError.swift */; };
		D0EC1C6D1E7E5CB40036BF11 /* JSONDecodable.swift in Sources */ = {isa = PBXBuildFile; fileRef = D0EC1C6C1E7E5CB40036BF11 /* JSONDecodable.swift */; };
		D0EC1C6F1E7E60EF0036BF11 /* SearchResponse.swift in Sources */ = {isa = PBXBuildFile; fileRef = D0EC1C6E1E7E60EF0036BF11 /* SearchResponse.swift */; };
		D0EC1C721E7E64A30036BF11 /* GithubClientError.swift in Sources */ = {isa = PBXBuildFile; fileRef = D0EC1C711E7E64A30036BF11 /* GithubClientError.swift */; };
		D0EC1C741E7E65B70036BF11 /* GithubApiError.swift in Sources */ = {isa = PBXBuildFile; fileRef = D0EC1C731E7E65B70036BF11 /* GithubApiError.swift */; };
		D0EC1C771E7E6AF50036BF11 /* GithubRequest.swift in Sources */ = {isa = PBXBuildFile; fileRef = D0EC1C761E7E6AF50036BF11 /* GithubRequest.swift */; };
		D0EC1C791E7E6BF80036BF11 /* HttpMethod.swift in Sources */ = {isa = PBXBuildFile; fileRef = D0EC1C781E7E6BF80036BF11 /* HttpMethod.swift */; };
		D0EC1C7B1E7E709E0036BF11 /* GithubApi.swift in Sources */ = {isa = PBXBuildFile; fileRef = D0EC1C7A1E7E709E0036BF11 /* GithubApi.swift */; };
		D0EC1C7D1E7ECD370036BF11 /* GithubClient.swift in Sources */ = {isa = PBXBuildFile; fileRef = D0EC1C7C1E7ECD370036BF11 /* GithubClient.swift */; };
		D0EC1C821E7EF9AB0036BF11 /* Result.swift in Sources */ = {isa = PBXBuildFile; fileRef = D0EC1C811E7EF9AB0036BF11 /* Result.swift */; };
/* End PBXBuildFile section */

/* Begin PBXCopyFilesBuildPhase section */
		D048323D1E5BFF2F005D1A64 /* CopyFiles */ = {
			isa = PBXCopyFilesBuildPhase;
			buildActionMask = 2147483647;
			dstPath = /usr/share/man/man1/;
			dstSubfolderSpec = 0;
			files = (
			);
			runOnlyForDeploymentPostprocessing = 1;
		};
/* End PBXCopyFilesBuildPhase section */

/* Begin PBXFileReference section */
		D048323F1E5BFF2F005D1A64 /* github_search_repository */ = {isa = PBXFileReference; explicitFileType = "compiled.mach-o.executable"; includeInIndex = 0; path = github_search_repository; sourceTree = BUILT_PRODUCTS_DIR; };
		D04832421E5BFF2F005D1A64 /* main.swift */ = {isa = PBXFileReference; lastKnownFileType = sourcecode.swift; path = main.swift; sourceTree = "<group>"; };
		D0EC1C651E7D079E0036BF11 /* User.swift */ = {isa = PBXFileReference; fileEncoding = 4; lastKnownFileType = sourcecode.swift; path = User.swift; sourceTree = "<group>"; };
		D0EC1C671E7D07F70036BF11 /* Repository.swift */ = {isa = PBXFileReference; fileEncoding = 4; lastKnownFileType = sourcecode.swift; path = Repository.swift; sourceTree = "<group>"; };
		D0EC1C6A1E7D087D0036BF11 /* JSONDecodeError.swift */ = {isa = PBXFileReference; fileEncoding = 4; lastKnownFileType = sourcecode.swift; path = JSONDecodeError.swift; sourceTree = "<group>"; };
		D0EC1C6C1E7E5CB40036BF11 /* JSONDecodable.swift */ = {isa = PBXFileReference; fileEncoding = 4; lastKnownFileType = sourcecode.swift; path = JSONDecodable.swift; sourceTree = "<group>"; };
		D0EC1C6E1E7E60EF0036BF11 /* SearchResponse.swift */ = {isa = PBXFileReference; fileEncoding = 4; lastKnownFileType = sourcecode.swift; path = SearchResponse.swift; sourceTree = "<group>"; };
		D0EC1C711E7E64A30036BF11 /* GithubClientError.swift */ = {isa = PBXFileReference; fileEncoding = 4; lastKnownFileType = sourcecode.swift; path = GithubClientError.swift; sourceTree = "<group>"; };
		D0EC1C731E7E65B70036BF11 /* GithubApiError.swift */ = {isa = PBXFileReference; fileEncoding = 4; lastKnownFileType = sourcecode.swift; path = GithubApiError.swift; sourceTree = "<group>"; };
		D0EC1C761E7E6AF50036BF11 /* GithubRequest.swift */ = {isa = PBXFileReference; fileEncoding = 4; lastKnownFileType = sourcecode.swift; path = GithubRequest.swift; sourceTree = "<group>"; };
		D0EC1C781E7E6BF80036BF11 /* HttpMethod.swift */ = {isa = PBXFileReference; fileEncoding = 4; lastKnownFileType = sourcecode.swift; path = HttpMethod.swift; sourceTree = "<group>"; };
		D0EC1C7A1E7E709E0036BF11 /* GithubApi.swift */ = {isa = PBXFileReference; fileEncoding = 4; lastKnownFileType = sourcecode.swift; path = GithubApi.swift; sourceTree = "<group>"; };
		D0EC1C7C1E7ECD370036BF11 /* GithubClient.swift */ = {isa = PBXFileReference; fileEncoding = 4; lastKnownFileType = sourcecode.swift; path = GithubClient.swift; sourceTree = "<group>"; };
		D0EC1C811E7EF9AB0036BF11 /* Result.swift */ = {isa = PBXFileReference; fileEncoding = 4; lastKnownFileType = sourcecode.swift; path = Result.swift; sourceTree = "<group>"; };
/* End PBXFileReference section */

/* Begin PBXFrameworksBuildPhase section */
		D048323C1E5BFF2F005D1A64 /* Frameworks */ = {
			isa = PBXFrameworksBuildPhase;
			buildActionMask = 2147483647;
			files = (
			);
			runOnlyForDeploymentPostprocessing = 0;
		};
/* End PBXFrameworksBuildPhase section */

/* Begin PBXGroup section */
		D04832361E5BFF2F005D1A64 = {
			isa = PBXGroup;
			children = (
				D04832411E5BFF2F005D1A64 /* github_search_repository */,
				D04832401E5BFF2F005D1A64 /* Products */,
			);
			sourceTree = "<group>";
		};
		D04832401E5BFF2F005D1A64 /* Products */ = {
			isa = PBXGroup;
			children = (
				D048323F1E5BFF2F005D1A64 /* github_search_repository */,
			);
			name = Products;
			sourceTree = "<group>";
		};
		D04832411E5BFF2F005D1A64 /* github_search_repository */ = {
			isa = PBXGroup;
			children = (
				D0EC1C7E1E7ECD3C0036BF11 /* HttpClient */,
				D0EC1C751E7E6AE50036BF11 /* Request */,
				D0EC1C701E7E60F50036BF11 /* Response */,
				D0EC1C691E7D08600036BF11 /* Error */,
				D0EC1C641E7D078E0036BF11 /* Entity */,
				D04832421E5BFF2F005D1A64 /* main.swift */,
			);
			path = github_search_repository;
			sourceTree = "<group>";
		};
		D0EC1C641E7D078E0036BF11 /* Entity */ = {
			isa = PBXGroup;
			children = (
				D0EC1C6C1E7E5CB40036BF11 /* JSONDecodable.swift */,
				D0EC1C651E7D079E0036BF11 /* User.swift */,
				D0EC1C671E7D07F70036BF11 /* Repository.swift */,
			);
			name = Entity;
			sourceTree = "<group>";
		};
		D0EC1C691E7D08600036BF11 /* Error */ = {
			isa = PBXGroup;
			children = (
				D0EC1C711E7E64A30036BF11 /* GithubClientError.swift */,
				D0EC1C731E7E65B70036BF11 /* GithubApiError.swift */,
				D0EC1C6A1E7D087D0036BF11 /* JSONDecodeError.swift */,
			);
			name = Error;
			sourceTree = "<group>";
		};
		D0EC1C701E7E60F50036BF11 /* Response */ = {
			isa = PBXGroup;
			children = (
				D0EC1C6E1E7E60EF0036BF11 /* SearchResponse.swift */,
			);
			name = Response;
			sourceTree = "<group>";
		};
		D0EC1C751E7E6AE50036BF11 /* Request */ = {
			isa = PBXGroup;
			children = (
				D0EC1C7A1E7E709E0036BF11 /* GithubApi.swift */,
				D0EC1C761E7E6AF50036BF11 /* GithubRequest.swift */,
				D0EC1C781E7E6BF80036BF11 /* HttpMethod.swift */,
			);
			name = Request;
			sourceTree = "<group>";
		};
		D0EC1C7E1E7ECD3C0036BF11 /* HttpClient */ = {
			isa = PBXGroup;
			children = (
				D0EC1C811E7EF9AB0036BF11 /* Result.swift */,
				D0EC1C7C1E7ECD370036BF11 /* GithubClient.swift */,
			);
			name = HttpClient;
			sourceTree = "<group>";
		};
/* End PBXGroup section */

/* Begin PBXNativeTarget section */
		D048323E1E5BFF2F005D1A64 /* github_search_repository */ = {
			isa = PBXNativeTarget;
			buildConfigurationList = D04832461E5BFF2F005D1A64 /* Build configuration list for PBXNativeTarget "github_search_repository" */;
			buildPhases = (
				D048323B1E5BFF2F005D1A64 /* Sources */,
				D048323C1E5BFF2F005D1A64 /* Frameworks */,
				D048323D1E5BFF2F005D1A64 /* CopyFiles */,
			);
			buildRules = (
			);
			dependencies = (
			);
			name = github_search_repository;
			productName = github_search_repository;
			productReference = D048323F1E5BFF2F005D1A64 /* github_search_repository */;
			productType = "com.apple.product-type.tool";
		};
/* End PBXNativeTarget section */

/* Begin PBXProject section */
		D04832371E5BFF2F005D1A64 /* Project object */ = {
			isa = PBXProject;
			attributes = {
				LastSwiftUpdateCheck = 0820;
				LastUpgradeCheck = 0820;
				ORGANIZATIONNAME = "Hiromichi Ema";
				TargetAttributes = {
					D048323E1E5BFF2F005D1A64 = {
						CreatedOnToolsVersion = 8.2.1;
						DevelopmentTeam = 6X9N4W25UV;
						ProvisioningStyle = Automatic;
					};
				};
			};
			buildConfigurationList = D048323A1E5BFF2F005D1A64 /* Build configuration list for PBXProject "github_search_repository" */;
			compatibilityVersion = "Xcode 3.2";
			developmentRegion = English;
			hasScannedForEncodings = 0;
			knownRegions = (
				en,
			);
			mainGroup = D04832361E5BFF2F005D1A64;
			productRefGroup = D04832401E5BFF2F005D1A64 /* Products */;
			projectDirPath = "";
			projectRoot = "";
			targets = (
				D048323E1E5BFF2F005D1A64 /* github_search_repository */,
			);
		};
/* End PBXProject section */

/* Begin PBXSourcesBuildPhase section */
		D048323B1E5BFF2F005D1A64 /* Sources */ = {
			isa = PBXSourcesBuildPhase;
			buildActionMask = 2147483647;
			files = (
				D0EC1C6B1E7D087D0036BF11 /* JSONDecodeError.swift in Sources */,
				D0EC1C6D1E7E5CB40036BF11 /* JSONDecodable.swift in Sources */,
				D0EC1C791E7E6BF80036BF11 /* HttpMethod.swift in Sources */,
				D0EC1C821E7EF9AB0036BF11 /* Result.swift in Sources */,
				D0EC1C7D1E7ECD370036BF11 /* GithubClient.swift in Sources */,
				D0EC1C6F1E7E60EF0036BF11 /* SearchResponse.swift in Sources */,
				D0EC1C771E7E6AF50036BF11 /* GithubRequest.swift in Sources */,
				D0EC1C661E7D079E0036BF11 /* User.swift in Sources */,
				D0EC1C7B1E7E709E0036BF11 /* GithubApi.swift in Sources */,
				D0EC1C721E7E64A30036BF11 /* GithubClientError.swift in Sources */,
				D04832431E5BFF2F005D1A64 /* main.swift in Sources */,
				D0EC1C741E7E65B70036BF11 /* GithubApiError.swift in Sources */,
				D0EC1C681E7D07F70036BF11 /* Repository.swift in Sources */,
			);
			runOnlyForDeploymentPostprocessing = 0;
		};
/* End PBXSourcesBuildPhase section */

/* Begin XCBuildConfiguration section */
		D04832441E5BFF2F005D1A64 /* Debug */ = {
			isa = XCBuildConfiguration;
			buildSettings = {
				ALWAYS_SEARCH_USER_PATHS = NO;
				CLANG_ANALYZER_NONNULL = YES;
				CLANG_CXX_LANGUAGE_STANDARD = "gnu++0x";
				CLANG_CXX_LIBRARY = "libc++";
				CLANG_ENABLE_MODULES = YES;
				CLANG_ENABLE_OBJC_ARC = YES;
				CLANG_WARN_BOOL_CONVERSION = YES;
				CLANG_WARN_CONSTANT_CONVERSION = YES;
				CLANG_WARN_DIRECT_OBJC_ISA_USAGE = YES_ERROR;
				CLANG_WARN_DOCUMENTATION_COMMENTS = YES;
				CLANG_WARN_EMPTY_BODY = YES;
				CLANG_WARN_ENUM_CONVERSION = YES;
				CLANG_WARN_INFINITE_RECURSION = YES;
				CLANG_WARN_INT_CONVERSION = YES;
				CLANG_WARN_OBJC_ROOT_CLASS = YES_ERROR;
				CLANG_WARN_SUSPICIOUS_MOVE = YES;
				CLANG_WARN_UNREACHABLE_CODE = YES;
				CLANG_WARN__DUPLICATE_METHOD_MATCH = YES;
				CODE_SIGN_IDENTITY = "-";
				COPY_PHASE_STRIP = NO;
				DEBUG_INFORMATION_FORMAT = dwarf;
				ENABLE_STRICT_OBJC_MSGSEND = YES;
				ENABLE_TESTABILITY = YES;
				GCC_C_LANGUAGE_STANDARD = gnu99;
				GCC_DYNAMIC_NO_PIC = NO;
				GCC_NO_COMMON_BLOCKS = YES;
				GCC_OPTIMIZATION_LEVEL = 0;
				GCC_PREPROCESSOR_DEFINITIONS = (
					"DEBUG=1",
					"$(inherited)",
				);
				GCC_WARN_64_TO_32_BIT_CONVERSION = YES;
				GCC_WARN_ABOUT_RETURN_TYPE = YES_ERROR;
				GCC_WARN_UNDECLARED_SELECTOR = YES;
				GCC_WARN_UNINITIALIZED_AUTOS = YES_AGGRESSIVE;
				GCC_WARN_UNUSED_FUNCTION = YES;
				GCC_WARN_UNUSED_VARIABLE = YES;
				MACOSX_DEPLOYMENT_TARGET = 10.12;
				MTL_ENABLE_DEBUG_INFO = YES;
				ONLY_ACTIVE_ARCH = YES;
				SDKROOT = macosx;
				SWIFT_OPTIMIZATION_LEVEL = "-Onone";
			};
			name = Debug;
		};
		D04832451E5BFF2F005D1A64 /* Release */ = {
			isa = XCBuildConfiguration;
			buildSettings = {
				ALWAYS_SEARCH_USER_PATHS = NO;
				CLANG_ANALYZER_NONNULL = YES;
				CLANG_CXX_LANGUAGE_STANDARD = "gnu++0x";
				CLANG_CXX_LIBRARY = "libc++";
				CLANG_ENABLE_MODULES = YES;
				CLANG_ENABLE_OBJC_ARC = YES;
				CLANG_WARN_BOOL_CONVERSION = YES;
				CLANG_WARN_CONSTANT_CONVERSION = YES;
				CLANG_WARN_DIRECT_OBJC_ISA_USAGE = YES_ERROR;
				CLANG_WARN_DOCUMENTATION_COMMENTS = YES;
				CLANG_WARN_EMPTY_BODY = YES;
				CLANG_WARN_ENUM_CONVERSION = YES;
				CLANG_WARN_INFINITE_RECURSION = YES;
				CLANG_WARN_INT_CONVERSION = YES;
				CLANG_WARN_OBJC_ROOT_CLASS = YES_ERROR;
				CLANG_WARN_SUSPICIOUS_MOVE = YES;
				CLANG_WARN_UNREACHABLE_CODE = YES;
				CLANG_WARN__DUPLICATE_METHOD_MATCH = YES;
				CODE_SIGN_IDENTITY = "-";
				COPY_PHASE_STRIP = NO;
				DEBUG_INFORMATION_FORMAT = "dwarf-with-dsym";
				ENABLE_NS_ASSERTIONS = NO;
				ENABLE_STRICT_OBJC_MSGSEND = YES;
				GCC_C_LANGUAGE_STANDARD = gnu99;
				GCC_NO_COMMON_BLOCKS = YES;
				GCC_WARN_64_TO_32_BIT_CONVERSION = YES;
				GCC_WARN_ABOUT_RETURN_TYPE = YES_ERROR;
				GCC_WARN_UNDECLARED_SELECTOR = YES;
				GCC_WARN_UNINITIALIZED_AUTOS = YES_AGGRESSIVE;
				GCC_WARN_UNUSED_FUNCTION = YES;
				GCC_WARN_UNUSED_VARIABLE = YES;
				MACOSX_DEPLOYMENT_TARGET = 10.12;
				MTL_ENABLE_DEBUG_INFO = NO;
				SDKROOT = macosx;
			};
			name = Release;
		};
		D04832471E5BFF2F005D1A64 /* Debug */ = {
			isa = XCBuildConfiguration;
			buildSettings = {
				DEVELOPMENT_TEAM = 6X9N4W25UV;
				PRODUCT_NAME = "$(TARGET_NAME)";
				SWIFT_VERSION = 3.0;
			};
			name = Debug;
		};
		D04832481E5BFF2F005D1A64 /* Release */ = {
			isa = XCBuildConfiguration;
			buildSettings = {
				DEVELOPMENT_TEAM = 6X9N4W25UV;
				PRODUCT_NAME = "$(TARGET_NAME)";
				SWIFT_VERSION = 3.0;
			};
			name = Release;
		};
/* End XCBuildConfiguration section */

/* Begin XCConfigurationList section */
		D048323A1E5BFF2F005D1A64 /* Build configuration list for PBXProject "github_search_repository" */ = {
			isa = XCConfigurationList;
			buildConfigurations = (
				D04832441E5BFF2F005D1A64 /* Debug */,
				D04832451E5BFF2F005D1A64 /* Release */,
			);
			defaultConfigurationIsVisible = 0;
			defaultConfigurationName = Release;
		};
		D04832461E5BFF2F005D1A64 /* Build configuration list for PBXNativeTarget "github_search_repository" */ = {
			isa = XCConfigurationList;
			buildConfigurations = (
				D04832471E5BFF2F005D1A64 /* Debug */,
				D04832481E5BFF2F005D1A64 /* Release */,
			);
			defaultConfigurationIsVisible = 0;
			defaultConfigurationName = Release;
		};
/* End XCConfigurationList section */
	};
	rootObject = D04832371E5BFF2F005D1A64 /* Project object */;
}
